
Microsoft Visual Studio Solution File, Format Version 12.00
# Visual Studio Version 17
VisualStudioVersion = 17.8.34330.188
MinimumVisualStudioVersion = 10.0.40219.1
Project("{9A19103F-16F7-4668-BE54-9A1E7A4F7556}") = "Collections1.1", "Collections\Collections1.1.csproj", "{501FA55E-6A20-479D-940C-4A74ADE47B7C}"
EndProject
Project("{FAE04EC0-301F-11D3-BF4B-00C04F79EFBC}") = "Collections1.2", "Collections1.2\Collections1.2.csproj", "{0DFF2AF2-21A7-4E25-B74F-141966BFEDDE}"
EndProject
Global
	GlobalSection(SolutionConfigurationPlatforms) = preSolution
		Debug|Any CPU = Debug|Any CPU
		Release|Any CPU = Release|Any CPU
	EndGlobalSection
	GlobalSection(ProjectConfigurationPlatforms) = postSolution
		{501FA55E-6A20-479D-940C-4A74ADE47B7C}.Debug|Any CPU.ActiveCfg = Debug|Any CPU
		{501FA55E-6A20-479D-940C-4A74ADE47B7C}.Debug|Any CPU.Build.0 = Debug|Any CPU
		{501FA55E-6A20-479D-940C-4A74ADE47B7C}.Release|Any CPU.ActiveCfg = Release|Any CPU
		{501FA55E-6A20-479D-940C-4A74ADE47B7C}.Release|Any CPU.Build.0 = Release|Any CPU
		{0DFF2AF2-21A7-4E25-B74F-141966BFEDDE}.Debug|Any CPU.ActiveCfg = Debug|Any CPU
		{0DFF2AF2-21A7-4E25-B74F-141966BFEDDE}.Debug|Any CPU.Build.0 = Debug|Any CPU
		{0DFF2AF2-21A7-4E25-B74F-141966BFEDDE}.Release|Any CPU.ActiveCfg = Release|Any CPU
		{0DFF2AF2-21A7-4E25-B74F-141966BFEDDE}.Release|Any CPU.Build.0 = Release|Any CPU
	EndGlobalSection
	GlobalSection(SolutionProperties) = preSolution
		HideSolutionNode = FALSE
	EndGlobalSection
	GlobalSection(ExtensibilityGlobals) = postSolution
		SolutionGuid = {70D199C4-9E4C-4227-A831-93D2722F7DBF}
	EndGlobalSection
EndGlobal
